
Microsoft Visual Studio Solution File, Format Version 12.00
# Visual Studio 14
VisualStudioVersion = 14.0.24720.0
MinimumVisualStudioVersion = 10.0.40219.1
Project("{FAE04EC0-301F-11D3-BF4B-00C04F79EFBC}") = "FAAPI", "FAAPI\FAAPI.csproj", "{E71B4932-5A70-4D89-A0C6-097928BDF8DA}"
EndProject
Project("{FAE04EC0-301F-11D3-BF4B-00C04F79EFBC}") = "FAAPI.Repository", "FAAPI.Repository\FAAPI.Repository.csproj", "{51342F18-FCD3-4E5E-A98A-8A9A83325AFB}"
EndProject
Project("{FAE04EC0-301F-11D3-BF4B-00C04F79EFBC}") = "FAAPI.Model", "FFAPI.Model\FAAPI.Model.csproj", "{E9291B3F-49BD-462D-B458-12A7B3076FE5}"
EndProject
Global
	GlobalSection(SolutionConfigurationPlatforms) = preSolution
		Debug|Any CPU = Debug|Any CPU
		Release|Any CPU = Release|Any CPU
	EndGlobalSection
	GlobalSection(ProjectConfigurationPlatforms) = postSolution
		{E71B4932-5A70-4D89-A0C6-097928BDF8DA}.Debug|Any CPU.ActiveCfg = Debug|Any CPU
		{E71B4932-5A70-4D89-A0C6-097928BDF8DA}.Debug|Any CPU.Build.0 = Debug|Any CPU
		{E71B4932-5A70-4D89-A0C6-097928BDF8DA}.Release|Any CPU.ActiveCfg = Release|Any CPU
		{E71B4932-5A70-4D89-A0C6-097928BDF8DA}.Release|Any CPU.Build.0 = Release|Any CPU
		{51342F18-FCD3-4E5E-A98A-8A9A83325AFB}.Debug|Any CPU.ActiveCfg = Debug|Any CPU
		{51342F18-FCD3-4E5E-A98A-8A9A83325AFB}.Debug|Any CPU.Build.0 = Debug|Any CPU
		{51342F18-FCD3-4E5E-A98A-8A9A83325AFB}.Release|Any CPU.ActiveCfg = Release|Any CPU
		{51342F18-FCD3-4E5E-A98A-8A9A83325AFB}.Release|Any CPU.Build.0 = Release|Any CPU
		{E9291B3F-49BD-462D-B458-12A7B3076FE5}.Debug|Any CPU.ActiveCfg = Debug|Any CPU
		{E9291B3F-49BD-462D-B458-12A7B3076FE5}.Debug|Any CPU.Build.0 = Debug|Any CPU
		{E9291B3F-49BD-462D-B458-12A7B3076FE5}.Release|Any CPU.ActiveCfg = Release|Any CPU
		{E9291B3F-49BD-462D-B458-12A7B3076FE5}.Release|Any CPU.Build.0 = Release|Any CPU
	EndGlobalSection
	GlobalSection(SolutionProperties) = preSolution
		HideSolutionNode = FALSE
	EndGlobalSection
EndGlobal
